{
  "lockVersion": 3,
  "registryVersion": 2,
  "buildTargets": [
    "1.6.0"
  ],
  "defaultTarget": "1.6.0",
  "targets": {
    "1.6.0": {
      "id": "1.6.0",
      "core": {
        "version": "1.6.0",
        "source": "https://github.com/sealdice/sealdice-core",
        "mirrors": [
          "https://github.com/sealdice/sealdice-core"
        ],
        "commit": "b06a2d92a7af0b8b33be33390206297edf29c7bd",
        "sourceDeclaredVersion": "1.5.1-dev",
        "runtimeVersion": "1.6.0+20260726",
        "releaseArtifactSha256": "sha256:6cd37580dc35d7a1f0b5c2159a692bab1db97c119d738f4a139dd7ef5c3ea549",
        "release": {
          "repository": "https://github.com/sealdice/sealdice-build",
          "commit": "40950761aa2b1d0ecdfff050e69ddbea803cf2bf",
          "tag": "v1.6.0",
          "publishedAt": "2026-07-26T16:07:20Z"
        }
      },
      "testOverlay": {
        "id": "sealwrapper-core-overlay/3",
        "protocol": "sealwrapper.core-bridge/v3",
        "goVersion": "1.25.0",
        "capabilities": {
          "protocol": "sealwrapper.core-bridge/v3",
          "manifestFormatVersions": [
            "1.0.0"
          ],
          "contents": {
            "scripts": {
              "extensions": [
                ".js"
              ]
            },
            "decks": {
              "extensions": [
                ".json",
                ".jsonc",
                ".yaml",
                ".yml",
                ".toml"
              ]
            },
            "reply": {
              "extensions": [
                ".yaml",
                ".yml"
              ]
            },
            "helpdoc": {
              "extensions": [
                ".json",
                ".xlsx"
              ]
            },
            "templates": {
              "extensions": [
                ".json",
                ".yaml",
                ".yml"
              ]
            }
          },
          "limits": {
            "maxFiles": 65535,
            "maxArchiveBytes": 134217728,
            "maxExpandedBytes": 536870912,
            "maxCompressionRatio": 100
          },
          "networkMock": {
            "version": "1",
            "failClosed": true,
            "requestFields": [
              "method",
              "url",
              "headers",
              "body"
            ],
            "responseFields": [
              "status",
              "headers",
              "body"
            ]
          }
        },
        "capabilitiesSha256": "sha256:7c5332c53f4a70e88fc10fe50955cbcb775776dea11625d0148c68395504cb19",
        "patches": [
          {
            "path": "patches/sealdice-core/1.6.0/0001-test-only-bridge.patch",
            "sha256": "45c214ed458f2c79f11e54b54ad288207592462ac8074b6a12c679edc99da025"
          }
        ]
      },
      "trust": {
        "activeKeyId": "sealwrapper-2026-08-overlay-root-reset1",
        "keys": [
          {
            "id": "sealwrapper-2026-08-overlay-root-reset1",
            "algorithm": "ed25519",
            "publicKey": "MCowBQYDK2VwAyEAZ2vjgSNCynD97r9nRcSt4PD52GEBMWIPnnx5/1Po/1E="
          }
        ],
        "rotations": [],
        "allowedMirrors": [
          "https://github.com/sealdice/sealdice-core"
        ],
        "overlaySignature": {
          "keyId": "sealwrapper-2026-08-overlay-root-reset1",
          "algorithm": "ed25519",
          "value": "6QwuTwhir+7eAQCbWUCg0oC7O8X/3MttwncuwA3/+mSZUivgU44A7yEVqyPTRNloIvyAdblL33KgwFNvAIHgAA=="
        }
      }
    }
  }
}
